
Microsoft Visual Studio Solution File, Format Version 12.00
# Visual Studio Version 16
VisualStudioVersion = 16.0.32602.291
MinimumVisualStudioVersion = 10.0.40219.1
Project("{FAE04EC0-301F-11D3-BF4B-00C04F79EFBC}") = "MVCTestProject1", "MVCTestProject1\MVCTestProject1.csproj", "{A3902E73-E872-4A8D-9943-C14E0D83BDA2}"
EndProject
Global
	GlobalSection(SolutionConfigurationPlatforms) = preSolution
		Debug|Any CPU = Debug|Any CPU
		Release|Any CPU = Release|Any CPU
	EndGlobalSection
	GlobalSection(ProjectConfigurationPlatforms) = postSolution
		{A3902E73-E872-4A8D-9943-C14E0D83BDA2}.Debug|Any CPU.ActiveCfg = Debug|Any CPU
		{A3902E73-E872-4A8D-9943-C14E0D83BDA2}.Debug|Any CPU.Build.0 = Debug|Any CPU
		{A3902E73-E872-4A8D-9943-C14E0D83BDA2}.Release|Any CPU.ActiveCfg = Release|Any CPU
		{A3902E73-E872-4A8D-9943-C14E0D83BDA2}.Release|Any CPU.Build.0 = Release|Any CPU
	EndGlobalSection
	GlobalSection(SolutionProperties) = preSolution
		HideSolutionNode = FALSE
	EndGlobalSection
	GlobalSection(ExtensibilityGlobals) = postSolution
		SolutionGuid = {EE538540-9DC1-4590-8BE2-897BB52D6825}
	EndGlobalSection
EndGlobal
